// !$*UTF8*$!
{
	archiveVersion = 1;
	classes = {
	};
	objectVersion = 48;
	objects = {

/* Begin PBXBuildFile section */
		82946AA3207FF2B800DE1B24 /* AppDelegate.swift in Sources */ = {isa = PBXBuildFile; fileRef = 82946AA2207FF2B800DE1B24 /* AppDelegate.swift */; };
		82946AA5207FF2B800DE1B24 /* ViewController.swift in Sources */ = {isa = PBXBuildFile; fileRef = 82946AA4207FF2B800DE1B24 /* ViewController.swift */; };
		82946AA8207FF2B800DE1B24 /* Main.storyboard in Resources */ = {isa = PBXBuildFile; fileRef = 82946AA6207FF2B800DE1B24 /* Main.storyboard */; };
		82946AAA207FF2B800DE1B24 /* Assets.xcassets in Resources */ = {isa = PBXBuildFile; fileRef = 82946AA9207FF2B800DE1B24 /* Assets.xcassets */; };
		82946AAD207FF2B800DE1B24 /* LaunchScreen.storyboard in Resources */ = {isa = PBXBuildFile; fileRef = 82946AAB207FF2B800DE1B24 /* LaunchScreen.storyboard */; };
		82946AB8207FF2B800DE1B24 /* Trivia_AppTests.swift in Sources */ = {isa = PBXBuildFile; fileRef = 82946AB7207FF2B800DE1B24 /* Trivia_AppTests.swift */; };
		82946AC3207FF2B800DE1B24 /* Trivia_AppUITests.swift in Sources */ = {isa = PBXBuildFile; fileRef = 82946AC2207FF2B800DE1B24 /* Trivia_AppUITests.swift */; };
		82946AD1207FF30600DE1B24 /* 595216942.0.jpg in Resources */ = {isa = PBXBuildFile; fileRef = 82946AD0207FF30600DE1B24 /* 595216942.0.jpg */; };
		82946AD3207FF30C00DE1B24 /* mercedes-benz-celebrates-20th-anniversary-of-decision-to-build-us-plant-68308_1.jpg in Resources */ = {isa = PBXBuildFile; fileRef = 82946AD2207FF30C00DE1B24 /* mercedes-benz-celebrates-20th-anniversary-of-decision-to-build-us-plant-68308_1.jpg */; };
		82946AD5207FF31300DE1B24 /* 97489205f4845_36.jpg in Resources */ = {isa = PBXBuildFile; fileRef = 82946AD4207FF31300DE1B24 /* 97489205f4845_36.jpg */; };
/* End PBXBuildFile section */

/* Begin PBXContainerItemProxy section */
		82946AB4207FF2B800DE1B24 /* PBXContainerItemProxy */ = {
			isa = PBXContainerItemProxy;
			containerPortal = 82946A97207FF2B800DE1B24 /* Project object */;
			proxyType = 1;
			remoteGlobalIDString = 82946A9E207FF2B800DE1B24;
			remoteInfo = "Trivia App";
		};
		82946ABF207FF2B800DE1B24 /* PBXContainerItemProxy */ = {
			isa = PBXContainerItemProxy;
			containerPortal = 82946A97207FF2B800DE1B24 /* Project object */;
			proxyType = 1;
			remoteGlobalIDString = 82946A9E207FF2B800DE1B24;
			remoteInfo = "Trivia App";
		};
/* End PBXContainerItemProxy section */

/* Begin PBXFileReference section */
		82946A9F207FF2B800DE1B24 /* Trivia App.app */ = {isa = PBXFileReference; explicitFileType = wrapper.application; includeInIndex = 0; path = "Trivia App.app"; sourceTree = BUILT_PRODUCTS_DIR; };
		82946AA2207FF2B800DE1B24 /* AppDelegate.swift */ = {isa = PBXFileReference; lastKnownFileType = sourcecode.swift; path = AppDelegate.swift; sourceTree = "<group>"; };
		82946AA4207FF2B800DE1B24 /* ViewController.swift */ = {isa = PBXFileReference; lastKnownFileType = sourcecode.swift; path = ViewController.swift; sourceTree = "<group>"; };
		82946AA7207FF2B800DE1B24 /* Base */ = {isa = PBXFileReference; lastKnownFileType = file.storyboard; name = Base; path = Base.lproj/Main.storyboard; sourceTree = "<group>"; };
		82946AA9207FF2B800DE1B24 /* Assets.xcassets */ = {isa = PBXFileReference; lastKnownFileType = folder.assetcatalog; path = Assets.xcassets; sourceTree = "<group>"; };
		82946AAC207FF2B800DE1B24 /* Base */ = {isa = PBXFileReference; lastKnownFileType = file.storyboard; name = Base; path = Base.lproj/LaunchScreen.storyboard; sourceTree = "<group>"; };
		82946AAE207FF2B800DE1B24 /* Info.plist */ = {isa = PBXFileReference; lastKnownFileType = text.plist.xml; path = Info.plist; sourceTree = "<group>"; };
		82946AB3207FF2B800DE1B24 /* Trivia AppTests.xctest */ = {isa = PBXFileReference; explicitFileType = wrapper.cfbundle; includeInIndex = 0; path = "Trivia AppTests.xctest"; sourceTree = BUILT_PRODUCTS_DIR; };
		82946AB7207FF2B800DE1B24 /* Trivia_AppTests.swift */ = {isa = PBXFileReference; lastKnownFileType = sourcecode.swift; path = Trivia_AppTests.swift; sourceTree = "<group>"; };
		82946AB9207FF2B800DE1B24 /* Info.plist */ = {isa = PBXFileReference; lastKnownFileType = text.plist.xml; path = Info.plist; sourceTree = "<group>"; };
		82946ABE207FF2B800DE1B24 /* Trivia AppUITests.xctest */ = {isa = PBXFileReference; explicitFileType = wrapper.cfbundle; includeInIndex = 0; path = "Trivia AppUITests.xctest"; sourceTree = BUILT_PRODUCTS_DIR; };
		82946AC2207FF2B800DE1B24 /* Trivia_AppUITests.swift */ = {isa = PBXFileReference; lastKnownFileType = sourcecode.swift; path = Trivia_AppUITests.swift; sourceTree = "<group>"; };
		82946AC4207FF2B800DE1B24 /* Info.plist */ = {isa = PBXFileReference; lastKnownFileType = text.plist.xml; path = Info.plist; sourceTree = "<group>"; };
		82946AD0207FF30600DE1B24 /* 595216942.0.jpg */ = {isa = PBXFileReference; lastKnownFileType = image.jpeg; name = 595216942.0.jpg; path = ../../Downloads/595216942.0.jpg; sourceTree = "<group>"; };
		82946AD2207FF30C00DE1B24 /* mercedes-benz-celebrates-20th-anniversary-of-decision-to-build-us-plant-68308_1.jpg */ = {isa = PBXFileReference; lastKnownFileType = image.jpeg; name = "mercedes-benz-celebrates-20th-anniversary-of-decision-to-build-us-plant-68308_1.jpg"; path = "../../Downloads/mercedes-benz-celebrates-20th-anniversary-of-decision-to-build-us-plant-68308_1.jpg"; sourceTree = "<group>"; };
		82946AD4207FF31300DE1B24 /* 97489205f4845_36.jpg */ = {isa = PBXFileReference; lastKnownFileType = image.jpeg; name = 97489205f4845_36.jpg; path = ../../Downloads/97489205f4845_36.jpg; sourceTree = "<group>"; };
/* End PBXFileReference section */

/* Begin PBXFrameworksBuildPhase section */
		82946A9C207FF2B800DE1B24 /* Frameworks */ = {
			isa = PBXFrameworksBuildPhase;
			buildActionMask = 2147483647;
			files = (
			);
			runOnlyForDeploymentPostprocessing = 0;
		};
		82946AB0207FF2B800DE1B24 /* Frameworks */ = {
			isa = PBXFrameworksBuildPhase;
			buildActionMask = 2147483647;
			files = (
			);
			runOnlyForDeploymentPostprocessing = 0;
		};
		82946ABB207FF2B800DE1B24 /* Frameworks */ = {
			isa = PBXFrameworksBuildPhase;
			buildActionMask = 2147483647;
			files = (
			);
			runOnlyForDeploymentPostprocessing = 0;
		};
/* End PBXFrameworksBuildPhase section */

/* Begin PBXGroup section */
		82946A96207FF2B800DE1B24 = {
			isa = PBXGroup;
			children = (
				82946AA1207FF2B800DE1B24 /* Trivia App */,
				82946AB6207FF2B800DE1B24 /* Trivia AppTests */,
				82946AC1207FF2B800DE1B24 /* Trivia AppUITests */,
				82946AA0207FF2B800DE1B24 /* Products */,
				82946AD0207FF30600DE1B24 /* 595216942.0.jpg */,
				82946AD2207FF30C00DE1B24 /* mercedes-benz-celebrates-20th-anniversary-of-decision-to-build-us-plant-68308_1.jpg */,
				82946AD4207FF31300DE1B24 /* 97489205f4845_36.jpg */,
			);
			sourceTree = "<group>";
		};
		82946AA0207FF2B800DE1B24 /* Products */ = {
			isa = PBXGroup;
			children = (
				82946A9F207FF2B800DE1B24 /* Trivia App.app */,
				82946AB3207FF2B800DE1B24 /* Trivia AppTests.xctest */,
				82946ABE207FF2B800DE1B24 /* Trivia AppUITests.xctest */,
			);
			name = Products;
			sourceTree = "<group>";
		};
		82946AA1207FF2B800DE1B24 /* Trivia App */ = {
			isa = PBXGroup;
			children = (
				82946AA2207FF2B800DE1B24 /* AppDelegate.swift */,
				82946AA4207FF2B800DE1B24 /* ViewController.swift */,
				82946AA6207FF2B800DE1B24 /* Main.storyboard */,
				82946AA9207FF2B800DE1B24 /* Assets.xcassets */,
				82946AAB207FF2B800DE1B24 /* LaunchScreen.storyboard */,
				82946AAE207FF2B800DE1B24 /* Info.plist */,
			);
			path = "Trivia App";
			sourceTree = "<group>";
		};
		82946AB6207FF2B800DE1B24 /* Trivia AppTests */ = {
			isa = PBXGroup;
			children = (
				82946AB7207FF2B800DE1B24 /* Trivia_AppTests.swift */,
				82946AB9207FF2B800DE1B24 /* Info.plist */,
			);
			path = "Trivia AppTests";
			sourceTree = "<group>";
		};
		82946AC1207FF2B800DE1B24 /* Trivia AppUITests */ = {
			isa = PBXGroup;
			children = (
				82946AC2207FF2B800DE1B24 /* Trivia_AppUITests.swift */,
				82946AC4207FF2B800DE1B24 /* Info.plist */,
			);
			path = "Trivia AppUITests";
			sourceTree = "<group>";
		};
/* End PBXGroup section */

/* Begin PBXNativeTarget section */
		82946A9E207FF2B800DE1B24 /* Trivia App */ = {
			isa = PBXNativeTarget;
			buildConfigurationList = 82946AC7207FF2B800DE1B24 /* Build configuration list for PBXNativeTarget "Trivia App" */;
			buildPhases = (
				82946A9B207FF2B800DE1B24 /* Sources */,
				82946A9C207FF2B800DE1B24 /* Frameworks */,
				82946A9D207FF2B800DE1B24 /* Resources */,
			);
			buildRules = (
			);
			dependencies = (
			);
			name = "Trivia App";
			productName = "Trivia App";
			productReference = 82946A9F207FF2B800DE1B24 /* Trivia App.app */;
			productType = "com.apple.product-type.application";
		};
		82946AB2207FF2B800DE1B24 /* Trivia AppTests */ = {
			isa = PBXNativeTarget;
			buildConfigurationList = 82946ACA207FF2B800DE1B24 /* Build configuration list for PBXNativeTarget "Trivia AppTests" */;
			buildPhases = (
				82946AAF207FF2B800DE1B24 /* Sources */,
				82946AB0207FF2B800DE1B24 /* Frameworks */,
				82946AB1207FF2B800DE1B24 /* Resources */,
			);
			buildRules = (
			);
			dependencies = (
				82946AB5207FF2B800DE1B24 /* PBXTargetDependency */,
			);
			name = "Trivia AppTests";
			productName = "Trivia AppTests";
			productReference = 82946AB3207FF2B800DE1B24 /* Trivia AppTests.xctest */;
			productType = "com.apple.product-type.bundle.unit-test";
		};
		82946ABD207FF2B800DE1B24 /* Trivia AppUITests */ = {
			isa = PBXNativeTarget;
			buildConfigurationList = 82946ACD207FF2B800DE1B24 /* Build configuration list for PBXNativeTarget "Trivia AppUITests" */;
			buildPhases = (
				82946ABA207FF2B800DE1B24 /* Sources */,
				82946ABB207FF2B800DE1B24 /* Frameworks */,
				82946ABC207FF2B800DE1B24 /* Resources */,
			);
			buildRules = (
			);
			dependencies = (
				82946AC0207FF2B800DE1B24 /* PBXTargetDependency */,
			);
			name = "Trivia AppUITests";
			productName = "Trivia AppUITests";
			productReference = 82946ABE207FF2B800DE1B24 /* Trivia AppUITests.xctest */;
			productType = "com.apple.product-type.bundle.ui-testing";
		};
/* End PBXNativeTarget section */

/* Begin PBXProject section */
		82946A97207FF2B800DE1B24 /* Project object */ = {
			isa = PBXProject;
			attributes = {
				LastSwiftUpdateCheck = 0920;
				LastUpgradeCheck = 0920;
				ORGANIZATIONNAME = "Rachel MUllins ";
				TargetAttributes = {
					82946A9E207FF2B800DE1B24 = {
						CreatedOnToolsVersion = 9.2;
						ProvisioningStyle = Automatic;
					};
					82946AB2207FF2B800DE1B24 = {
						CreatedOnToolsVersion = 9.2;
						ProvisioningStyle = Automatic;
						TestTargetID = 82946A9E207FF2B800DE1B24;
					};
					82946ABD207FF2B800DE1B24 = {
						CreatedOnToolsVersion = 9.2;
						ProvisioningStyle = Automatic;
						TestTargetID = 82946A9E207FF2B800DE1B24;
					};
				};
			};
			buildConfigurationList = 82946A9A207FF2B800DE1B24 /* Build configuration list for PBXProject "Trivia App" */;
			compatibilityVersion = "Xcode 8.0";
			developmentRegion = en;
			hasScannedForEncodings = 0;
			knownRegions = (
				en,
				Base,
			);
			mainGroup = 82946A96207FF2B800DE1B24;
			productRefGroup = 82946AA0207FF2B800DE1B24 /* Products */;
			projectDirPath = "";
			projectRoot = "";
			targets = (
				82946A9E207FF2B800DE1B24 /* Trivia App */,
				82946AB2207FF2B800DE1B24 /* Trivia AppTests */,
				82946ABD207FF2B800DE1B24 /* Trivia AppUITests */,
			);
		};
/* End PBXProject section */

/* Begin PBXResourcesBuildPhase section */
		82946A9D207FF2B800DE1B24 /* Resources */ = {
			isa = PBXResourcesBuildPhase;
			buildActionMask = 2147483647;
			files = (
				82946AD5207FF31300DE1B24 /* 97489205f4845_36.jpg in Resources */,
				82946AAD207FF2B800DE1B24 /* LaunchScreen.storyboard in Resources */,
				82946AD3207FF30C00DE1B24 /* mercedes-benz-celebrates-20th-anniversary-of-decision-to-build-us-plant-68308_1.jpg in Resources */,
				82946AAA207FF2B800DE1B24 /* Assets.xcassets in Resources */,
				82946AA8207FF2B800DE1B24 /* Main.storyboard in Resources */,
				82946AD1207FF30600DE1B24 /* 595216942.0.jpg in Resources */,
			);
			runOnlyForDeploymentPostprocessing = 0;
		};
		82946AB1207FF2B800DE1B24 /* Resources */ = {
			isa = PBXResourcesBuildPhase;
			buildActionMask = 2147483647;
			files = (
			);
			runOnlyForDeploymentPostprocessing = 0;
		};
		82946ABC207FF2B800DE1B24 /* Resources */ = {
			isa = PBXResourcesBuildPhase;
			buildActionMask = 2147483647;
			files = (
			);
			runOnlyForDeploymentPostprocessing = 0;
		};
/* End PBXResourcesBuildPhase section */

/* Begin PBXSourcesBuildPhase section */
		82946A9B207FF2B800DE1B24 /* Sources */ = {
			isa = PBXSourcesBuildPhase;
			buildActionMask = 2147483647;
			files = (
				82946AA5207FF2B800DE1B24 /* ViewController.swift in Sources */,
				82946AA3207FF2B800DE1B24 /* AppDelegate.swift in Sources */,
			);
			runOnlyForDeploymentPostprocessing = 0;
		};
		82946AAF207FF2B800DE1B24 /* Sources */ = {
			isa = PBXSourcesBuildPhase;
			buildActionMask = 2147483647;
			files = (
				82946AB8207FF2B800DE1B24 /* Trivia_AppTests.swift in Sources */,
			);
			runOnlyForDeploymentPostprocessing = 0;
		};
		82946ABA207FF2B800DE1B24 /* Sources */ = {
			isa = PBXSourcesBuildPhase;
			buildActionMask = 2147483647;
			files = (
				82946AC3207FF2B800DE1B24 /* Trivia_AppUITests.swift in Sources */,
			);
			runOnlyForDeploymentPostprocessing = 0;
		};
/* End PBXSourcesBuildPhase section */

/* Begin PBXTargetDependency section */
		82946AB5207FF2B800DE1B24 /* PBXTargetDependency */ = {
			isa = PBXTargetDependency;
			target = 82946A9E207FF2B800DE1B24 /* Trivia App */;
			targetProxy = 82946AB4207FF2B800DE1B24 /* PBXContainerItemProxy */;
		};
		82946AC0207FF2B800DE1B24 /* PBXTargetDependency */ = {
			isa = PBXTargetDependency;
			target = 82946A9E207FF2B800DE1B24 /* Trivia App */;
			targetProxy = 82946ABF207FF2B800DE1B24 /* PBXContainerItemProxy */;
		};
/* End PBXTargetDependency section */

/* Begin PBXVariantGroup section */
		82946AA6207FF2B800DE1B24 /* Main.storyboard */ = {
			isa = PBXVariantGroup;
			children = (
				82946AA7207FF2B800DE1B24 /* Base */,
			);
			name = Main.storyboard;
			sourceTree = "<group>";
		};
		82946AAB207FF2B800DE1B24 /* LaunchScreen.storyboard */ = {
			isa = PBXVariantGroup;
			children = (
				82946AAC207FF2B800DE1B24 /* Base */,
			);
			name = LaunchScreen.storyboard;
			sourceTree = "<group>";
		};
/* End PBXVariantGroup section */

/* Begin XCBuildConfiguration section */
		82946AC5207FF2B800DE1B24 /* Debug */ = {
			isa = XCBuildConfiguration;
			buildSettings = {
				ALWAYS_SEARCH_USER_PATHS = NO;
				CLANG_ANALYZER_NONNULL = YES;
				CLANG_ANALYZER_NUMBER_OBJECT_CONVERSION = YES_AGGRESSIVE;
				CLANG_CXX_LANGUAGE_STANDARD = "gnu++14";
				CLANG_CXX_LIBRARY = "libc++";
				CLANG_ENABLE_MODULES = YES;
				CLANG_ENABLE_OBJC_ARC = YES;
				CLANG_WARN_BLOCK_CAPTURE_AUTORELEASING = YES;
				CLANG_WARN_BOOL_CONVERSION = YES;
				CLANG_WARN_COMMA = YES;
				CLANG_WARN_CONSTANT_CONVERSION = YES;
				CLANG_WARN_DIRECT_OBJC_ISA_USAGE = YES_ERROR;
				CLANG_WARN_DOCUMENTATION_COMMENTS = YES;
				CLANG_WARN_EMPTY_BODY = YES;
				CLANG_WARN_ENUM_CONVERSION = YES;
				CLANG_WARN_INFINITE_RECURSION = YES;
				CLANG_WARN_INT_CONVERSION = YES;
				CLANG_WARN_NON_LITERAL_NULL_CONVERSION = YES;
				CLANG_WARN_OBJC_LITERAL_CONVERSION = YES;
				CLANG_WARN_OBJC_ROOT_CLASS = YES_ERROR;
				CLANG_WARN_RANGE_LOOP_ANALYSIS = YES;
				CLANG_WARN_STRICT_PROTOTYPES = YES;
				CLANG_WARN_SUSPICIOUS_MOVE = YES;
				CLANG_WARN_UNGUARDED_AVAILABILITY = YES_AGGRESSIVE;
				CLANG_WARN_UNREACHABLE_CODE = YES;
				CLANG_WARN__DUPLICATE_METHOD_MATCH = YES;
				CODE_SIGN_IDENTITY = "iPhone Developer";
				COPY_PHASE_STRIP = NO;
				DEBUG_INFORMATION_FORMAT = dwarf;
				ENABLE_STRICT_OBJC_MSGSEND = YES;
				ENABLE_TESTABILITY = YES;
				GCC_C_LANGUAGE_STANDARD = gnu11;
				GCC_DYNAMIC_NO_PIC = NO;
				GCC_NO_COMMON_BLOCKS = YES;
				GCC_OPTIMIZATION_LEVEL = 0;
				GCC_PREPROCESSOR_DEFINITIONS = (
					"DEBUG=1",
					"$(inherited)",
				);
				GCC_WARN_64_TO_32_BIT_CONVERSION = YES;
				GCC_WARN_ABOUT_RETURN_TYPE = YES_ERROR;
				GCC_WARN_UNDECLARED_SELECTOR = YES;
				GCC_WARN_UNINITIALIZED_AUTOS = YES_AGGRESSIVE;
				GCC_WARN_UNUSED_FUNCTION = YES;
				GCC_WARN_UNUSED_VARIABLE = YES;
				IPHONEOS_DEPLOYMENT_TARGET = 11.2;
				MTL_ENABLE_DEBUG_INFO = YES;
				ONLY_ACTIVE_ARCH = YES;
				SDKROOT = iphoneos;
				SWIFT_ACTIVE_COMPILATION_CONDITIONS = DEBUG;
				SWIFT_OPTIMIZATION_LEVEL = "-Onone";
			};
			name = Debug;
		};
		82946AC6207FF2B800DE1B24 /* Release */ = {
			isa = XCBuildConfiguration;
			buildSettings = {
				ALWAYS_SEARCH_USER_PATHS = NO;
				CLANG_ANALYZER_NONNULL = YES;
				CLANG_ANALYZER_NUMBER_OBJECT_CONVERSION = YES_AGGRESSIVE;
				CLANG_CXX_LANGUAGE_STANDARD = "gnu++14";
				CLANG_CXX_LIBRARY = "libc++";
				CLANG_ENABLE_MODULES = YES;
				CLANG_ENABLE_OBJC_ARC = YES;
				CLANG_WARN_BLOCK_CAPTURE_AUTORELEASING = YES;
				CLANG_WARN_BOOL_CONVERSION = YES;
				CLANG_WARN_COMMA = YES;
				CLANG_WARN_CONSTANT_CONVERSION = YES;
				CLANG_WARN_DIRECT_OBJC_ISA_USAGE = YES_ERROR;
				CLANG_WARN_DOCUMENTATION_COMMENTS = YES;
				CLANG_WARN_EMPTY_BODY = YES;
				CLANG_WARN_ENUM_CONVERSION = YES;
				CLANG_WARN_INFINITE_RECURSION = YES;
				CLANG_WARN_INT_CONVERSION = YES;
				CLANG_WARN_NON_LITERAL_NULL_CONVERSION = YES;
				CLANG_WARN_OBJC_LITERAL_CONVERSION = YES;
				CLANG_WARN_OBJC_ROOT_CLASS = YES_ERROR;
				CLANG_WARN_RANGE_LOOP_ANALYSIS = YES;
				CLANG_WARN_STRICT_PROTOTYPES = YES;
				CLANG_WARN_SUSPICIOUS_MOVE = YES;
				CLANG_WARN_UNGUARDED_AVAILABILITY = YES_AGGRESSIVE;
				CLANG_WARN_UNREACHABLE_CODE = YES;
				CLANG_WARN__DUPLICATE_METHOD_MATCH = YES;
				CODE_SIGN_IDENTITY = "iPhone Developer";
				COPY_PHASE_STRIP = NO;
				DEBUG_INFORMATION_FORMAT = "dwarf-with-dsym";
				ENABLE_NS_ASSERTIONS = NO;
				ENABLE_STRICT_OBJC_MSGSEND = YES;
				GCC_C_LANGUAGE_STANDARD = gnu11;
				GCC_NO_COMMON_BLOCKS = YES;
				GCC_WARN_64_TO_32_BIT_CONVERSION = YES;
				GCC_WARN_ABOUT_RETURN_TYPE = YES_ERROR;
				GCC_WARN_UNDECLARED_SELECTOR = YES;
				GCC_WARN_UNINITIALIZED_AUTOS = YES_AGGRESSIVE;
				GCC_WARN_UNUSED_FUNCTION = YES;
				GCC_WARN_UNUSED_VARIABLE = YES;
				IPHONEOS_DEPLOYMENT_TARGET = 11.2;
				MTL_ENABLE_DEBUG_INFO = NO;
				SDKROOT = iphoneos;
				SWIFT_OPTIMIZATION_LEVEL = "-Owholemodule";
				VALIDATE_PRODUCT = YES;
			};
			name = Release;
		};
		82946AC8207FF2B800DE1B24 /* Debug */ = {
			isa = XCBuildConfiguration;
			buildSettings = {
				ASSETCATALOG_COMPILER_APPICON_NAME = AppIcon;
				CODE_SIGN_STYLE = Automatic;
				INFOPLIST_FILE = "Trivia App/Info.plist";
				LD_RUNPATH_SEARCH_PATHS = "$(inherited) @executable_path/Frameworks";
				PRODUCT_BUNDLE_IDENTIFIER = "MBUSI.Trivia-App";
				PRODUCT_NAME = "$(TARGET_NAME)";
				SWIFT_VERSION = 4.0;
				TARGETED_DEVICE_FAMILY = "1,2";
			};
			name = Debug;
		};
		82946AC9207FF2B800DE1B24 /* Release */ = {
			isa = XCBuildConfiguration;
			buildSettings = {
				ASSETCATALOG_COMPILER_APPICON_NAME = AppIcon;
				CODE_SIGN_STYLE = Automatic;
				INFOPLIST_FILE = "Trivia App/Info.plist";
				LD_RUNPATH_SEARCH_PATHS = "$(inherited) @executable_path/Frameworks";
				PRODUCT_BUNDLE_IDENTIFIER = "MBUSI.Trivia-App";
				PRODUCT_NAME = "$(TARGET_NAME)";
				SWIFT_VERSION = 4.0;
				TARGETED_DEVICE_FAMILY = "1,2";
			};
			name = Release;
		};
		82946ACB207FF2B800DE1B24 /* Debug */ = {
			isa = XCBuildConfiguration;
			buildSettings = {
				ALWAYS_EMBED_SWIFT_STANDARD_LIBRARIES = YES;
				BUNDLE_LOADER = "$(TEST_HOST)";
				CODE_SIGN_STYLE = Automatic;
				INFOPLIST_FILE = "Trivia AppTests/Info.plist";
				LD_RUNPATH_SEARCH_PATHS = "$(inherited) @executable_path/Frameworks @loader_path/Frameworks";
				PRODUCT_BUNDLE_IDENTIFIER = "MBUSI.Trivia-AppTests";
				PRODUCT_NAME = "$(TARGET_NAME)";
				SWIFT_VERSION = 4.0;
				TARGETED_DEVICE_FAMILY = "1,2";
				TEST_HOST = "$(BUILT_PRODUCTS_DIR)/Trivia App.app/Trivia App";
			};
			name = Debug;
		};
		82946ACC207FF2B800DE1B24 /* Release */ = {
			isa = XCBuildConfiguration;
			buildSettings = {
				ALWAYS_EMBED_SWIFT_STANDARD_LIBRARIES = YES;
				BUNDLE_LOADER = "$(TEST_HOST)";
				CODE_SIGN_STYLE = Automatic;
				INFOPLIST_FILE = "Trivia AppTests/Info.plist";
				LD_RUNPATH_SEARCH_PATHS = "$(inherited) @executable_path/Frameworks @loader_path/Frameworks";
				PRODUCT_BUNDLE_IDENTIFIER = "MBUSI.Trivia-AppTests";
				PRODUCT_NAME = "$(TARGET_NAME)";
				SWIFT_VERSION = 4.0;
				TARGETED_DEVICE_FAMILY = "1,2";
				TEST_HOST = "$(BUILT_PRODUCTS_DIR)/Trivia App.app/Trivia App";
			};
			name = Release;
		};
		82946ACE207FF2B800DE1B24 /* Debug */ = {
			isa = XCBuildConfiguration;
			buildSettings = {
				ALWAYS_EMBED_SWIFT_STANDARD_LIBRARIES = YES;
				CODE_SIGN_STYLE = Automatic;
				INFOPLIST_FILE = "Trivia AppUITests/Info.plist";
				LD_RUNPATH_SEARCH_PATHS = "$(inherited) @executable_path/Frameworks @loader_path/Frameworks";
				PRODUCT_BUNDLE_IDENTIFIER = "MBUSI.Trivia-AppUITests";
				PRODUCT_NAME = "$(TARGET_NAME)";
				SWIFT_VERSION = 4.0;
				TARGETED_DEVICE_FAMILY = "1,2";
				TEST_TARGET_NAME = "Trivia App";
			};
			name = Debug;
		};
		82946ACF207FF2B800DE1B24 /* Release */ = {
			isa = XCBuildConfiguration;
			buildSettings = {
				ALWAYS_EMBED_SWIFT_STANDARD_LIBRARIES = YES;
				CODE_SIGN_STYLE = Automatic;
				INFOPLIST_FILE = "Trivia AppUITests/Info.plist";
				LD_RUNPATH_SEARCH_PATHS = "$(inherited) @executable_path/Frameworks @loader_path/Frameworks";
				PRODUCT_BUNDLE_IDENTIFIER = "MBUSI.Trivia-AppUITests";
				PRODUCT_NAME = "$(TARGET_NAME)";
				SWIFT_VERSION = 4.0;
				TARGETED_DEVICE_FAMILY = "1,2";
				TEST_TARGET_NAME = "Trivia App";
			};
			name = Release;
		};
/* End XCBuildConfiguration section */

/* Begin XCConfigurationList section */
		82946A9A207FF2B800DE1B24 /* Build configuration list for PBXProject "Trivia App" */ = {
			isa = XCConfigurationList;
			buildConfigurations = (
				82946AC5207FF2B800DE1B24 /* Debug */,
				82946AC6207FF2B800DE1B24 /* Release */,
			);
			defaultConfigurationIsVisible = 0;
			defaultConfigurationName = Release;
		};
		82946AC7207FF2B800DE1B24 /* Build configuration list for PBXNativeTarget "Trivia App" */ = {
			isa = XCConfigurationList;
			buildConfigurations = (
				82946AC8207FF2B800DE1B24 /* Debug */,
				82946AC9207FF2B800DE1B24 /* Release */,
			);
			defaultConfigurationIsVisible = 0;
			defaultConfigurationName = Release;
		};
		82946ACA207FF2B800DE1B24 /* Build configuration list for PBXNativeTarget "Trivia AppTests" */ = {
			isa = XCConfigurationList;
			buildConfigurations = (
				82946ACB207FF2B800DE1B24 /* Debug */,
				82946ACC207FF2B800DE1B24 /* Release */,
			);
			defaultConfigurationIsVisible = 0;
			defaultConfigurationName = Release;
		};
		82946ACD207FF2B800DE1B24 /* Build configuration list for PBXNativeTarget "Trivia AppUITests" */ = {
			isa = XCConfigurationList;
			buildConfigurations = (
				82946ACE207FF2B800DE1B24 /* Debug */,
				82946ACF207FF2B800DE1B24 /* Release */,
			);
			defaultConfigurationIsVisible = 0;
			defaultConfigurationName = Release;
		};
/* End XCConfigurationList section */
	};
	rootObject = 82946A97207FF2B800DE1B24 /* Project object */;
}
